
Microsoft Visual Studio Solution File, Format Version 12.00
# Visual Studio Version 16
VisualStudioVersion = 16.0.30011.22
MinimumVisualStudioVersion = 10.0.40219.1
Project("{FAE04EC0-301F-11D3-BF4B-00C04F79EFBC}") = "Problem A", "CodingTestNonsultant\Problem A.csproj", "{6D487E2F-7074-45E2-8B93-0085F56B2C07}"
EndProject
Project("{FAE04EC0-301F-11D3-BF4B-00C04F79EFBC}") = "Problem B", "Problem B\Problem B.csproj", "{26873C06-E22D-4D67-8A05-BDBA89BEE863}"
EndProject
Global
	GlobalSection(SolutionConfigurationPlatforms) = preSolution
		Debug|Any CPU = Debug|Any CPU
		Release|Any CPU = Release|Any CPU
	EndGlobalSection
	GlobalSection(ProjectConfigurationPlatforms) = postSolution
		{6D487E2F-7074-45E2-8B93-0085F56B2C07}.Debug|Any CPU.ActiveCfg = Debug|Any CPU
		{6D487E2F-7074-45E2-8B93-0085F56B2C07}.Debug|Any CPU.Build.0 = Debug|Any CPU
		{6D487E2F-7074-45E2-8B93-0085F56B2C07}.Release|Any CPU.ActiveCfg = Release|Any CPU
		{6D487E2F-7074-45E2-8B93-0085F56B2C07}.Release|Any CPU.Build.0 = Release|Any CPU
		{26873C06-E22D-4D67-8A05-BDBA89BEE863}.Debug|Any CPU.ActiveCfg = Debug|Any CPU
		{26873C06-E22D-4D67-8A05-BDBA89BEE863}.Debug|Any CPU.Build.0 = Debug|Any CPU
		{26873C06-E22D-4D67-8A05-BDBA89BEE863}.Release|Any CPU.ActiveCfg = Release|Any CPU
		{26873C06-E22D-4D67-8A05-BDBA89BEE863}.Release|Any CPU.Build.0 = Release|Any CPU
	EndGlobalSection
	GlobalSection(SolutionProperties) = preSolution
		HideSolutionNode = FALSE
	EndGlobalSection
	GlobalSection(ExtensibilityGlobals) = postSolution
		SolutionGuid = {DF7886C8-4279-4B8C-B147-6C7F158E642B}
	EndGlobalSection
EndGlobal
